// !$*UTF8*$!
{
	archiveVersion = 1;
	classes = {
	};
	objectVersion = 50;
	objects = {

/* Begin PBXBuildFile section */
		2635A20F2089064200D4B22D /* Config.swift in Sources */ = {isa = PBXBuildFile; fileRef = 2635A20E2089064200D4B22D /* Config.swift */; };
		2655733F2085E3B400FF0BE1 /* PassEditViewController.swift in Sources */ = {isa = PBXBuildFile; fileRef = 2655733E2085E3B400FF0BE1 /* PassEditViewController.swift */; };
		265573412085EB7900FF0BE1 /* PassGen.swift in Sources */ = {isa = PBXBuildFile; fileRef = 265573402085EB7900FF0BE1 /* PassGen.swift */; };
		26557343208602A200FF0BE1 /* ValidationResult.swift in Sources */ = {isa = PBXBuildFile; fileRef = 26557342208602A200FF0BE1 /* ValidationResult.swift */; };
		265573452086072400FF0BE1 /* PassData.swift in Sources */ = {isa = PBXBuildFile; fileRef = 265573442086072400FF0BE1 /* PassData.swift */; };
		265CEE55208DE4C00007CA88 /* PassKeeper.swift in Sources */ = {isa = PBXBuildFile; fileRef = 265CEE54208DE4BF0007CA88 /* PassKeeper.swift */; };
		2684B3272081FAB5008B85D0 /* AppDelegate.swift in Sources */ = {isa = PBXBuildFile; fileRef = 2684B3262081FAB5008B85D0 /* AppDelegate.swift */; };
		2684B3292081FAB5008B85D0 /* ViewController.swift in Sources */ = {isa = PBXBuildFile; fileRef = 2684B3282081FAB5008B85D0 /* ViewController.swift */; };
		2684B32C2081FAB5008B85D0 /* Main.storyboard in Resources */ = {isa = PBXBuildFile; fileRef = 2684B32A2081FAB5008B85D0 /* Main.storyboard */; };
		2684B32E2081FABD008B85D0 /* Assets.xcassets in Resources */ = {isa = PBXBuildFile; fileRef = 2684B32D2081FABD008B85D0 /* Assets.xcassets */; };
		2684B3312081FABD008B85D0 /* LaunchScreen.storyboard in Resources */ = {isa = PBXBuildFile; fileRef = 2684B32F2081FABD008B85D0 /* LaunchScreen.storyboard */; };
		26CFB09A208B3C7200A7C466 /* CustomTypes.swift in Sources */ = {isa = PBXBuildFile; fileRef = 26CFB099208B3C7200A7C466 /* CustomTypes.swift */; };
		26CFB09D208B4C4F00A7C466 /* Storage.swift in Sources */ = {isa = PBXBuildFile; fileRef = 26CFB09C208B4C4F00A7C466 /* Storage.swift */; };
		26EE5D1B208F2213000CFB98 /* Singleton.swift in Sources */ = {isa = PBXBuildFile; fileRef = 26EE5D1A208F2213000CFB98 /* Singleton.swift */; };
		26EE5D1F208F38D6000CFB98 /* PassTableViewController.swift in Sources */ = {isa = PBXBuildFile; fileRef = 26EE5D1E208F38D6000CFB98 /* PassTableViewController.swift */; };
/* End PBXBuildFile section */

/* Begin PBXFileReference section */
		2635A20E2089064200D4B22D /* Config.swift */ = {isa = PBXFileReference; lastKnownFileType = sourcecode.swift; path = Config.swift; sourceTree = "<group>"; };
		2655733E2085E3B400FF0BE1 /* PassEditViewController.swift */ = {isa = PBXFileReference; lastKnownFileType = sourcecode.swift; path = PassEditViewController.swift; sourceTree = "<group>"; };
		265573402085EB7900FF0BE1 /* PassGen.swift */ = {isa = PBXFileReference; lastKnownFileType = sourcecode.swift; path = PassGen.swift; sourceTree = "<group>"; };
		26557342208602A200FF0BE1 /* ValidationResult.swift */ = {isa = PBXFileReference; lastKnownFileType = sourcecode.swift; path = ValidationResult.swift; sourceTree = "<group>"; };
		265573442086072400FF0BE1 /* PassData.swift */ = {isa = PBXFileReference; lastKnownFileType = sourcecode.swift; path = PassData.swift; sourceTree = "<group>"; };
		265CEE54208DE4BF0007CA88 /* PassKeeper.swift */ = {isa = PBXFileReference; lastKnownFileType = sourcecode.swift; path = PassKeeper.swift; sourceTree = "<group>"; };
		2684B3232081FAB5008B85D0 /* PassApp.app */ = {isa = PBXFileReference; explicitFileType = wrapper.application; includeInIndex = 0; path = PassApp.app; sourceTree = BUILT_PRODUCTS_DIR; };
		2684B3262081FAB5008B85D0 /* AppDelegate.swift */ = {isa = PBXFileReference; lastKnownFileType = sourcecode.swift; path = AppDelegate.swift; sourceTree = "<group>"; };
		2684B3282081FAB5008B85D0 /* ViewController.swift */ = {isa = PBXFileReference; lastKnownFileType = sourcecode.swift; path = ViewController.swift; sourceTree = "<group>"; };
		2684B32B2081FAB5008B85D0 /* Base */ = {isa = PBXFileReference; lastKnownFileType = file.storyboard; name = Base; path = Base.lproj/Main.storyboard; sourceTree = "<group>"; };
		2684B32D2081FABD008B85D0 /* Assets.xcassets */ = {isa = PBXFileReference; lastKnownFileType = folder.assetcatalog; path = Assets.xcassets; sourceTree = "<group>"; };
		2684B3302081FABD008B85D0 /* Base */ = {isa = PBXFileReference; lastKnownFileType = file.storyboard; name = Base; path = Base.lproj/LaunchScreen.storyboard; sourceTree = "<group>"; };
		2684B3322081FABD008B85D0 /* Info.plist */ = {isa = PBXFileReference; lastKnownFileType = text.plist.xml; path = Info.plist; sourceTree = "<group>"; };
		26CFB099208B3C7200A7C466 /* CustomTypes.swift */ = {isa = PBXFileReference; lastKnownFileType = sourcecode.swift; path = CustomTypes.swift; sourceTree = "<group>"; };
		26CFB09C208B4C4F00A7C466 /* Storage.swift */ = {isa = PBXFileReference; lastKnownFileType = sourcecode.swift; path = Storage.swift; sourceTree = "<group>"; };
		26EE5D1A208F2213000CFB98 /* Singleton.swift */ = {isa = PBXFileReference; lastKnownFileType = sourcecode.swift; path = Singleton.swift; sourceTree = "<group>"; };
		26EE5D1E208F38D6000CFB98 /* PassTableViewController.swift */ = {isa = PBXFileReference; lastKnownFileType = sourcecode.swift; path = PassTableViewController.swift; sourceTree = "<group>"; };
/* End PBXFileReference section */

/* Begin PBXFrameworksBuildPhase section */
		2684B3202081FAB5008B85D0 /* Frameworks */ = {
			isa = PBXFrameworksBuildPhase;
			buildActionMask = 2147483647;
			files = (
			);
			runOnlyForDeploymentPostprocessing = 0;
		};
/* End PBXFrameworksBuildPhase section */

/* Begin PBXGroup section */
		267E92B7208B315C00F0F845 /* Controllers */ = {
			isa = PBXGroup;
			children = (
				26EE5D1E208F38D6000CFB98 /* PassTableViewController.swift */,
				2684B3282081FAB5008B85D0 /* ViewController.swift */,
				2655733E2085E3B400FF0BE1 /* PassEditViewController.swift */,
			);
			path = Controllers;
			sourceTree = "<group>";
		};
		267E92B8208B317700F0F845 /* Storyboards */ = {
			isa = PBXGroup;
			children = (
				2684B32A2081FAB5008B85D0 /* Main.storyboard */,
				2684B32F2081FABD008B85D0 /* LaunchScreen.storyboard */,
			);
			path = Storyboards;
			sourceTree = "<group>";
		};
		2684B31A2081FAB5008B85D0 = {
			isa = PBXGroup;
			children = (
				2684B3252081FAB5008B85D0 /* PassApp */,
				2684B3242081FAB5008B85D0 /* Products */,
			);
			sourceTree = "<group>";
		};
		2684B3242081FAB5008B85D0 /* Products */ = {
			isa = PBXGroup;
			children = (
				2684B3232081FAB5008B85D0 /* PassApp.app */,
			);
			name = Products;
			sourceTree = "<group>";
		};
		2684B3252081FAB5008B85D0 /* PassApp */ = {
			isa = PBXGroup;
			children = (
				26CFB09B208B3CD700A7C466 /* Resources */,
				26CFB097208B321800A7C466 /* Helpers */,
				26CFB096208B31DD00A7C466 /* Structures */,
				267E92B8208B317700F0F845 /* Storyboards */,
				267E92B7208B315C00F0F845 /* Controllers */,
				2684B3262081FAB5008B85D0 /* AppDelegate.swift */,
				2684B32D2081FABD008B85D0 /* Assets.xcassets */,
				2684B3322081FABD008B85D0 /* Info.plist */,
			);
			path = PassApp;
			sourceTree = "<group>";
		};
		26CFB096208B31DD00A7C466 /* Structures */ = {
			isa = PBXGroup;
			children = (
				26557342208602A200FF0BE1 /* ValidationResult.swift */,
				265573442086072400FF0BE1 /* PassData.swift */,
			);
			path = Structures;
			sourceTree = "<group>";
		};
		26CFB097208B321800A7C466 /* Helpers */ = {
			isa = PBXGroup;
			children = (
				265573402085EB7900FF0BE1 /* PassGen.swift */,
				26CFB09C208B4C4F00A7C466 /* Storage.swift */,
			);
			path = Helpers;
			sourceTree = "<group>";
		};
		26CFB09B208B3CD700A7C466 /* Resources */ = {
			isa = PBXGroup;
			children = (
				2635A20E2089064200D4B22D /* Config.swift */,
				26CFB099208B3C7200A7C466 /* CustomTypes.swift */,
				265CEE54208DE4BF0007CA88 /* PassKeeper.swift */,
				26EE5D1A208F2213000CFB98 /* Singleton.swift */,
			);
			path = Resources;
			sourceTree = "<group>";
		};
/* End PBXGroup section */

/* Begin PBXNativeTarget section */
		2684B3222081FAB5008B85D0 /* PassApp */ = {
			isa = PBXNativeTarget;
			buildConfigurationList = 2684B3352081FABD008B85D0 /* Build configuration list for PBXNativeTarget "PassApp" */;
			buildPhases = (
				2684B31F2081FAB5008B85D0 /* Sources */,
				2684B3202081FAB5008B85D0 /* Frameworks */,
				2684B3212081FAB5008B85D0 /* Resources */,
			);
			buildRules = (
			);
			dependencies = (
			);
			name = PassApp;
			productName = PassApp;
			productReference = 2684B3232081FAB5008B85D0 /* PassApp.app */;
			productType = "com.apple.product-type.application";
		};
/* End PBXNativeTarget section */

/* Begin PBXProject section */
		2684B31B2081FAB5008B85D0 /* Project object */ = {
			isa = PBXProject;
			attributes = {
				LastSwiftUpdateCheck = 0930;
				LastUpgradeCheck = 0930;
				ORGANIZATIONNAME = cidr5;
				TargetAttributes = {
					2684B3222081FAB5008B85D0 = {
						CreatedOnToolsVersion = 9.3;
					};
				};
			};
			buildConfigurationList = 2684B31E2081FAB5008B85D0 /* Build configuration list for PBXProject "PassApp" */;
			compatibilityVersion = "Xcode 9.3";
			developmentRegion = en;
			hasScannedForEncodings = 0;
			knownRegions = (
				en,
				Base,
			);
			mainGroup = 2684B31A2081FAB5008B85D0;
			productRefGroup = 2684B3242081FAB5008B85D0 /* Products */;
			projectDirPath = "";
			projectRoot = "";
			targets = (
				2684B3222081FAB5008B85D0 /* PassApp */,
			);
		};
/* End PBXProject section */

/* Begin PBXResourcesBuildPhase section */
		2684B3212081FAB5008B85D0 /* Resources */ = {
			isa = PBXResourcesBuildPhase;
			buildActionMask = 2147483647;
			files = (
				2684B3312081FABD008B85D0 /* LaunchScreen.storyboard in Resources */,
				2684B32E2081FABD008B85D0 /* Assets.xcassets in Resources */,
				2684B32C2081FAB5008B85D0 /* Main.storyboard in Resources */,
			);
			runOnlyForDeploymentPostprocessing = 0;
		};
/* End PBXResourcesBuildPhase section */

/* Begin PBXSourcesBuildPhase section */
		2684B31F2081FAB5008B85D0 /* Sources */ = {
			isa = PBXSourcesBuildPhase;
			buildActionMask = 2147483647;
			files = (
				265573452086072400FF0BE1 /* PassData.swift in Sources */,
				26CFB09A208B3C7200A7C466 /* CustomTypes.swift in Sources */,
				265CEE55208DE4C00007CA88 /* PassKeeper.swift in Sources */,
				2655733F2085E3B400FF0BE1 /* PassEditViewController.swift in Sources */,
				265573412085EB7900FF0BE1 /* PassGen.swift in Sources */,
				2635A20F2089064200D4B22D /* Config.swift in Sources */,
				26EE5D1B208F2213000CFB98 /* Singleton.swift in Sources */,
				26CFB09D208B4C4F00A7C466 /* Storage.swift in Sources */,
				2684B3292081FAB5008B85D0 /* ViewController.swift in Sources */,
				26557343208602A200FF0BE1 /* ValidationResult.swift in Sources */,
				26EE5D1F208F38D6000CFB98 /* PassTableViewController.swift in Sources */,
				2684B3272081FAB5008B85D0 /* AppDelegate.swift in Sources */,
			);
			runOnlyForDeploymentPostprocessing = 0;
		};
/* End PBXSourcesBuildPhase section */

/* Begin PBXVariantGroup section */
		2684B32A2081FAB5008B85D0 /* Main.storyboard */ = {
			isa = PBXVariantGroup;
			children = (
				2684B32B2081FAB5008B85D0 /* Base */,
			);
			name = Main.storyboard;
			sourceTree = "<group>";
		};
		2684B32F2081FABD008B85D0 /* LaunchScreen.storyboard */ = {
			isa = PBXVariantGroup;
			children = (
				2684B3302081FABD008B85D0 /* Base */,
			);
			name = LaunchScreen.storyboard;
			sourceTree = "<group>";
		};
/* End PBXVariantGroup section */

/* Begin XCBuildConfiguration section */
		2684B3332081FABD008B85D0 /* Debug */ = {
			isa = XCBuildConfiguration;
			buildSettings = {
				ALWAYS_SEARCH_USER_PATHS = NO;
				CLANG_ANALYZER_NONNULL = YES;
				CLANG_ANALYZER_NUMBER_OBJECT_CONVERSION = YES_AGGRESSIVE;
				CLANG_CXX_LANGUAGE_STANDARD = "gnu++14";
				CLANG_CXX_LIBRARY = "libc++";
				CLANG_ENABLE_MODULES = YES;
				CLANG_ENABLE_OBJC_ARC = YES;
				CLANG_ENABLE_OBJC_WEAK = YES;
				CLANG_WARN_BLOCK_CAPTURE_AUTORELEASING = YES;
				CLANG_WARN_BOOL_CONVERSION = YES;
				CLANG_WARN_COMMA = YES;
				CLANG_WARN_CONSTANT_CONVERSION = YES;
				CLANG_WARN_DEPRECATED_OBJC_IMPLEMENTATIONS = YES;
				CLANG_WARN_DIRECT_OBJC_ISA_USAGE = YES_ERROR;
				CLANG_WARN_DOCUMENTATION_COMMENTS = YES;
				CLANG_WARN_EMPTY_BODY = YES;
				CLANG_WARN_ENUM_CONVERSION = YES;
				CLANG_WARN_INFINITE_RECURSION = YES;
				CLANG_WARN_INT_CONVERSION = YES;
				CLANG_WARN_NON_LITERAL_NULL_CONVERSION = YES;
				CLANG_WARN_OBJC_IMPLICIT_RETAIN_SELF = YES;
				CLANG_WARN_OBJC_LITERAL_CONVERSION = YES;
				CLANG_WARN_OBJC_ROOT_CLASS = YES_ERROR;
				CLANG_WARN_RANGE_LOOP_ANALYSIS = YES;
				CLANG_WARN_STRICT_PROTOTYPES = YES;
				CLANG_WARN_SUSPICIOUS_MOVE = YES;
				CLANG_WARN_UNGUARDED_AVAILABILITY = YES_AGGRESSIVE;
				CLANG_WARN_UNREACHABLE_CODE = YES;
				CLANG_WARN__DUPLICATE_METHOD_MATCH = YES;
				CODE_SIGN_IDENTITY = "iPhone Developer";
				COPY_PHASE_STRIP = NO;
				DEBUG_INFORMATION_FORMAT = dwarf;
				ENABLE_STRICT_OBJC_MSGSEND = YES;
				ENABLE_TESTABILITY = YES;
				GCC_C_LANGUAGE_STANDARD = gnu11;
				GCC_DYNAMIC_NO_PIC = NO;
				GCC_NO_COMMON_BLOCKS = YES;
				GCC_OPTIMIZATION_LEVEL = 0;
				GCC_PREPROCESSOR_DEFINITIONS = (
					"DEBUG=1",
					"$(inherited)",
				);
				GCC_WARN_64_TO_32_BIT_CONVERSION = YES;
				GCC_WARN_ABOUT_RETURN_TYPE = YES_ERROR;
				GCC_WARN_UNDECLARED_SELECTOR = YES;
				GCC_WARN_UNINITIALIZED_AUTOS = YES_AGGRESSIVE;
				GCC_WARN_UNUSED_FUNCTION = YES;
				GCC_WARN_UNUSED_VARIABLE = YES;
				IPHONEOS_DEPLOYMENT_TARGET = 11.3;
				MTL_ENABLE_DEBUG_INFO = YES;
				ONLY_ACTIVE_ARCH = YES;
				SDKROOT = iphoneos;
				SWIFT_ACTIVE_COMPILATION_CONDITIONS = DEBUG;
				SWIFT_OPTIMIZATION_LEVEL = "-Onone";
			};
			name = Debug;
		};
		2684B3342081FABD008B85D0 /* Release */ = {
			isa = XCBuildConfiguration;
			buildSettings = {
				ALWAYS_SEARCH_USER_PATHS = NO;
				CLANG_ANALYZER_NONNULL = YES;
				CLANG_ANALYZER_NUMBER_OBJECT_CONVERSION = YES_AGGRESSIVE;
				CLANG_CXX_LANGUAGE_STANDARD = "gnu++14";
				CLANG_CXX_LIBRARY = "libc++";
				CLANG_ENABLE_MODULES = YES;
				CLANG_ENABLE_OBJC_ARC = YES;
				CLANG_ENABLE_OBJC_WEAK = YES;
				CLANG_WARN_BLOCK_CAPTURE_AUTORELEASING = YES;
				CLANG_WARN_BOOL_CONVERSION = YES;
				CLANG_WARN_COMMA = YES;
				CLANG_WARN_CONSTANT_CONVERSION = YES;
				CLANG_WARN_DEPRECATED_OBJC_IMPLEMENTATIONS = YES;
				CLANG_WARN_DIRECT_OBJC_ISA_USAGE = YES_ERROR;
				CLANG_WARN_DOCUMENTATION_COMMENTS = YES;
				CLANG_WARN_EMPTY_BODY = YES;
				CLANG_WARN_ENUM_CONVERSION = YES;
				CLANG_WARN_INFINITE_RECURSION = YES;
				CLANG_WARN_INT_CONVERSION = YES;
				CLANG_WARN_NON_LITERAL_NULL_CONVERSION = YES;
				CLANG_WARN_OBJC_IMPLICIT_RETAIN_SELF = YES;
				CLANG_WARN_OBJC_LITERAL_CONVERSION = YES;
				CLANG_WARN_OBJC_ROOT_CLASS = YES_ERROR;
				CLANG_WARN_RANGE_LOOP_ANALYSIS = YES;
				CLANG_WARN_STRICT_PROTOTYPES = YES;
				CLANG_WARN_SUSPICIOUS_MOVE = YES;
				CLANG_WARN_UNGUARDED_AVAILABILITY = YES_AGGRESSIVE;
				CLANG_WARN_UNREACHABLE_CODE = YES;
				CLANG_WARN__DUPLICATE_METHOD_MATCH = YES;
				CODE_SIGN_IDENTITY = "iPhone Developer";
				COPY_PHASE_STRIP = NO;
				DEBUG_INFORMATION_FORMAT = "dwarf-with-dsym";
				ENABLE_NS_ASSERTIONS = NO;
				ENABLE_STRICT_OBJC_MSGSEND = YES;
				GCC_C_LANGUAGE_STANDARD = gnu11;
				GCC_NO_COMMON_BLOCKS = YES;
				GCC_WARN_64_TO_32_BIT_CONVERSION = YES;
				GCC_WARN_ABOUT_RETURN_TYPE = YES_ERROR;
				GCC_WARN_UNDECLARED_SELECTOR = YES;
				GCC_WARN_UNINITIALIZED_AUTOS = YES_AGGRESSIVE;
				GCC_WARN_UNUSED_FUNCTION = YES;
				GCC_WARN_UNUSED_VARIABLE = YES;
				IPHONEOS_DEPLOYMENT_TARGET = 11.3;
				MTL_ENABLE_DEBUG_INFO = NO;
				SDKROOT = iphoneos;
				SWIFT_COMPILATION_MODE = wholemodule;
				SWIFT_OPTIMIZATION_LEVEL = "-O";
				VALIDATE_PRODUCT = YES;
			};
			name = Release;
		};
		2684B3362081FABD008B85D0 /* Debug */ = {
			isa = XCBuildConfiguration;
			buildSettings = {
				ASSETCATALOG_COMPILER_APPICON_NAME = AppIcon;
				CODE_SIGN_STYLE = Automatic;
				DEVELOPMENT_TEAM = ADQB5KFLF2;
				INFOPLIST_FILE = PassApp/Info.plist;
				LD_RUNPATH_SEARCH_PATHS = (
					"$(inherited)",
					"@executable_path/Frameworks",
				);
				PRODUCT_BUNDLE_IDENTIFIER = ci5.PassApp;
				PRODUCT_NAME = "$(TARGET_NAME)";
				SWIFT_VERSION = 4.0;
				TARGETED_DEVICE_FAMILY = "1,2";
			};
			name = Debug;
		};
		2684B3372081FABD008B85D0 /* Release */ = {
			isa = XCBuildConfiguration;
			buildSettings = {
				ASSETCATALOG_COMPILER_APPICON_NAME = AppIcon;
				CODE_SIGN_STYLE = Automatic;
				DEVELOPMENT_TEAM = ADQB5KFLF2;
				INFOPLIST_FILE = PassApp/Info.plist;
				LD_RUNPATH_SEARCH_PATHS = (
					"$(inherited)",
					"@executable_path/Frameworks",
				);
				PRODUCT_BUNDLE_IDENTIFIER = ci5.PassApp;
				PRODUCT_NAME = "$(TARGET_NAME)";
				SWIFT_VERSION = 4.0;
				TARGETED_DEVICE_FAMILY = "1,2";
			};
			name = Release;
		};
/* End XCBuildConfiguration section */

/* Begin XCConfigurationList section */
		2684B31E2081FAB5008B85D0 /* Build configuration list for PBXProject "PassApp" */ = {
			isa = XCConfigurationList;
			buildConfigurations = (
				2684B3332081FABD008B85D0 /* Debug */,
				2684B3342081FABD008B85D0 /* Release */,
			);
			defaultConfigurationIsVisible = 0;
			defaultConfigurationName = Release;
		};
		2684B3352081FABD008B85D0 /* Build configuration list for PBXNativeTarget "PassApp" */ = {
			isa = XCConfigurationList;
			buildConfigurations = (
				2684B3362081FABD008B85D0 /* Debug */,
				2684B3372081FABD008B85D0 /* Release */,
			);
			defaultConfigurationIsVisible = 0;
			defaultConfigurationName = Release;
		};
/* End XCConfigurationList section */
	};
	rootObject = 2684B31B2081FAB5008B85D0 /* Project object */;
}
